
Microsoft Visual Studio Solution File, Format Version 12.00
# Visual Studio Version 16
VisualStudioVersion = 16.0.30104.148
MinimumVisualStudioVersion = 10.0.40219.1
Project("{FAE04EC0-301F-11D3-BF4B-00C04F79EFBC}") = "WebApi", "WebApi\WebApi.csproj", "{241F229A-7D5E-433F-851B-CE67D85C11DB}"
EndProject
Global
	GlobalSection(SolutionConfigurationPlatforms) = preSolution
		Debug|Any CPU = Debug|Any CPU
		Release|Any CPU = Release|Any CPU
	EndGlobalSection
	GlobalSection(ProjectConfigurationPlatforms) = postSolution
		{241F229A-7D5E-433F-851B-CE67D85C11DB}.Debug|Any CPU.ActiveCfg = Debug|Any CPU
		{241F229A-7D5E-433F-851B-CE67D85C11DB}.Debug|Any CPU.Build.0 = Debug|Any CPU
		{241F229A-7D5E-433F-851B-CE67D85C11DB}.Release|Any CPU.ActiveCfg = Release|Any CPU
		{241F229A-7D5E-433F-851B-CE67D85C11DB}.Release|Any CPU.Build.0 = Release|Any CPU
	EndGlobalSection
	GlobalSection(SolutionProperties) = preSolution
		HideSolutionNode = FALSE
	EndGlobalSection
	GlobalSection(ExtensibilityGlobals) = postSolution
		SolutionGuid = {3D46840F-484C-4292-B0B5-1A766905AE12}
	EndGlobalSection
EndGlobal
